{
    "_meta": {
        "hash": {
            "sha256": "34055a0d0b5453ed87798eddca37054f21241e402eb3a728d44bea05ac0c5132"
        },
        "pipfile-spec": 6,
        "requires": {
            "python_version": "3.6"
        },
        "sources": [
            {
                "name": "pypi",
                "url": "https://pypi.org/simple",
                "verify_ssl": true
            }
        ]
    },
    "default": {
        "django": {
            "hashes": [
                "sha256:3eb25c99df1523446ec2dc1b00e25eb2ecbdf42c9d8b0b8b32a204a8db9011f8",
                "sha256:69ff89fa3c3a8337015478a1a0744f52a9fef5d12c1efa01a01f99bcce9bf10c"
            ],
            "index": "pypi",
            "version": "==2.0.6"
        },
        "pytz": {
            "hashes": [
                "sha256:65ae0c8101309c45772196b21b74c46b2e5d11b6275c45d251b150d5da334555",
                "sha256:c06425302f2cf668f1bba7a0a03f3c1d34d4ebeef2c72003da308b3947c7f749"
            ],
            "version": "==2018.4"
        },
        "uwsgi": {
            "hashes": [
                "sha256:3dc2e9b48db92b67bfec1badec0d3fdcc0771316486c5efa3217569da3528bf2"
            ],
            "index": "pypi",
            "version": "==2.0.17"
        }
    },
    "develop": {}
}
